{
  "name": "chatapp",
  "version": "1.0.0",
  "lockfileVersion": 3,
  "requires": true,
  "packages": {
    "": {
      "name": "chatapp",
      "version": "1.0.0",
      "license": "ISC",
      "dependencies": {
        "express-list-endpoints": "^7.1.1",
        "path-to-regexp": "6.2.1"
      },
      "engines": {
        "node": "20.x"
      }
    },
    "node_modules/express-list-endpoints": {
      "version": "7.1.1",
      "resolved": "https://registry.npmjs.org/express-list-endpoints/-/express-list-endpoints-7.1.1.tgz",
      "integrity": "sha512-SA6YHH1r6DrioJ4fFJNqiwu1FweGFqJZO9KBApMzwPosoSGPOX2AW0wiMepOXjojjEXDuP9whIvckomheErbJA==",
      "license": "MIT",
      "engines": {
        "node": ">=18"
      }
    },
    "node_modules/path-to-regexp": {
      "version": "6.2.1",
      "resolved": "https://registry.npmjs.org/path-to-regexp/-/path-to-regexp-6.2.1.tgz",
      "integrity": "sha512-JLyh7xT1kizaEvcaXOQwOc2/Yhw6KZOvPf1S8401UyLk86CU79LN3vl7ztXGm/pZ+YjoyAJ4rxmHwbkBXJX+yw==",
      "license": "MIT"
    }
  }
}
